hash: 067359acebf407ab77c23c7c5f57f8cc44f7f6788b783a8927f181c1b8b5e94a
updated: 2017-09-05T21:58:59.390217797+02:00
imports:
- name: github.com/aws/aws-sdk-go
  version: 960dd6034cbdac0e9716bfa66d91de88b286889f
  subpackages:
  - aws
  - aws/awserr
  - aws/awsutil
  - aws/client
  - aws/client/metadata
  - aws/credentials
  - aws/endpoints
  - aws/request
  - aws/signer/v4
  - internal/shareddefaults
  - private/protocol
  - private/protocol/query
  - private/protocol/query/queryutil
  - private/protocol/rest
  - private/protocol/restxml
  - private/protocol/xml/xmlutil
  - service/s3
  - service/s3/s3iface
- name: github.com/go-ini/ini
  version: c787282c39ac1fc618827141a1f762240def08a3
- name: github.com/jmespath/go-jmespath
  version: bd40a432e4c76585ef6b72d3fd96fb9b6dc7b68d
testImports:
- name: github.com/frozzare/go-assert
  version: 6f04caa18e10470209b248c4a29c400a4a52bd5d
