hash: c4ed63739c98ce8c529482e1869813384b3a4e5a6e79c6eea4afc69d058e525b
updated: 2017-09-05T21:06:41.851899503+02:00
imports:
- name: github.com/aws/aws-sdk-go
  version: 960dd6034cbdac0e9716bfa66d91de88b286889f
  subpackages:
  - aws
  - aws/awserr
  - aws/awsutil
  - aws/client
  - aws/client/metadata
  - aws/credentials
  - aws/endpoints
  - aws/request
  - aws/signer/v4
  - internal/shareddefaults
  - private/protocol
  - private/protocol/query
  - private/protocol/query/queryutil
  - private/protocol/rest
  - private/protocol/restxml
  - private/protocol/xml/xmlutil
  - service/s3
  - service/s3/s3iface
- name: github.com/go-ini/ini
  version: c787282c39ac1fc618827141a1f762240def08a3
- name: github.com/jmespath/go-jmespath
  version: bd40a432e4c76585ef6b72d3fd96fb9b6dc7b68d
testImports:
- name: github.com/frozzare/go-assert
  version: c507abe8291161f11f3a74642ee44dfb993cdaa5
